
Microsoft Visual Studio Solution File, Format Version 12.00
# Visual Studio Version 17
VisualStudioVersion = 17.3.32929.385
MinimumVisualStudioVersion = 10.0.40219.1
Project("{FAE04EC0-301F-11D3-BF4B-00C04F79EFBC}") = "fightPigs_WPF", "fightPigs_WPF\fightPigs_WPF.csproj", "{5A55AA1D-1530-4DBF-991E-8858EE463171}"
EndProject
Project("{FAE04EC0-301F-11D3-BF4B-00C04F79EFBC}") = "FightPigs_Test", "FightPigs_Test\FightPigs_Test.csproj", "{1BEC03A2-BF4C-4C43-B6CE-4478C2768918}"
EndProject
Global
	GlobalSection(SolutionConfigurationPlatforms) = preSolution
		Debug|Any CPU = Debug|Any CPU
		Release|Any CPU = Release|Any CPU
	EndGlobalSection
	GlobalSection(ProjectConfigurationPlatforms) = postSolution
		{5A55AA1D-1530-4DBF-991E-8858EE463171}.Debug|Any CPU.ActiveCfg = Debug|Any CPU
		{5A55AA1D-1530-4DBF-991E-8858EE463171}.Debug|Any CPU.Build.0 = Debug|Any CPU
		{5A55AA1D-1530-4DBF-991E-8858EE463171}.Release|Any CPU.ActiveCfg = Release|Any CPU
		{5A55AA1D-1530-4DBF-991E-8858EE463171}.Release|Any CPU.Build.0 = Release|Any CPU
		{1BEC03A2-BF4C-4C43-B6CE-4478C2768918}.Debug|Any CPU.ActiveCfg = Debug|Any CPU
		{1BEC03A2-BF4C-4C43-B6CE-4478C2768918}.Debug|Any CPU.Build.0 = Debug|Any CPU
		{1BEC03A2-BF4C-4C43-B6CE-4478C2768918}.Release|Any CPU.ActiveCfg = Release|Any CPU
		{1BEC03A2-BF4C-4C43-B6CE-4478C2768918}.Release|Any CPU.Build.0 = Release|Any CPU
	EndGlobalSection
	GlobalSection(SolutionProperties) = preSolution
		HideSolutionNode = FALSE
	EndGlobalSection
	GlobalSection(ExtensibilityGlobals) = postSolution
		SolutionGuid = {2293D996-FE92-4F97-BF01-B2932032934C}
	EndGlobalSection
EndGlobal
